
Microsoft Visual Studio Solution File, Format Version 12.00
# Visual Studio Version 16
VisualStudioVersion = 16.0.32428.217
MinimumVisualStudioVersion = 10.0.40219.1
Project("{9A19103F-16F7-4668-BE54-9A1E7A4F7556}") = "BattleshipTracker", "ConsoleApp1\BattleshipTracker.csproj", "{FB71A254-4B2F-426E-A310-55D0D31308D3}"
EndProject
Project("{9A19103F-16F7-4668-BE54-9A1E7A4F7556}") = "BattleshipLibrary", "BattleshipLibrary\BattleshipLibrary.csproj", "{020D0B5F-52DF-4ED5-B171-43152E3CEF40}"
EndProject
Project("{9A19103F-16F7-4668-BE54-9A1E7A4F7556}") = "BattleshipStateTrackerTest", "BattleshipStateTrackerTest\BattleshipStateTrackerTest.csproj", "{A1B81BCC-44FE-4882-B7C2-40415AC1FE4F}"
EndProject
Global
	GlobalSection(SolutionConfigurationPlatforms) = preSolution
		Debug|Any CPU = Debug|Any CPU
		Release|Any CPU = Release|Any CPU
	EndGlobalSection
	GlobalSection(ProjectConfigurationPlatforms) = postSolution
		{FB71A254-4B2F-426E-A310-55D0D31308D3}.Debug|Any CPU.ActiveCfg = Debug|Any CPU
		{FB71A254-4B2F-426E-A310-55D0D31308D3}.Debug|Any CPU.Build.0 = Debug|Any CPU
		{FB71A254-4B2F-426E-A310-55D0D31308D3}.Release|Any CPU.ActiveCfg = Release|Any CPU
		{FB71A254-4B2F-426E-A310-55D0D31308D3}.Release|Any CPU.Build.0 = Release|Any CPU
		{020D0B5F-52DF-4ED5-B171-43152E3CEF40}.Debug|Any CPU.ActiveCfg = Debug|Any CPU
		{020D0B5F-52DF-4ED5-B171-43152E3CEF40}.Debug|Any CPU.Build.0 = Debug|Any CPU
		{020D0B5F-52DF-4ED5-B171-43152E3CEF40}.Release|Any CPU.ActiveCfg = Release|Any CPU
		{020D0B5F-52DF-4ED5-B171-43152E3CEF40}.Release|Any CPU.Build.0 = Release|Any CPU
		{A1B81BCC-44FE-4882-B7C2-40415AC1FE4F}.Debug|Any CPU.ActiveCfg = Debug|Any CPU
		{A1B81BCC-44FE-4882-B7C2-40415AC1FE4F}.Debug|Any CPU.Build.0 = Debug|Any CPU
		{A1B81BCC-44FE-4882-B7C2-40415AC1FE4F}.Release|Any CPU.ActiveCfg = Release|Any CPU
		{A1B81BCC-44FE-4882-B7C2-40415AC1FE4F}.Release|Any CPU.Build.0 = Release|Any CPU
	EndGlobalSection
	GlobalSection(SolutionProperties) = preSolution
		HideSolutionNode = FALSE
	EndGlobalSection
	GlobalSection(ExtensibilityGlobals) = postSolution
		SolutionGuid = {02EEF33E-6C4A-4ADA-B7B3-A8680BBBD428}
	EndGlobalSection
EndGlobal
